Microsoft Visual Studio Solution File, Format Version 12.00
# Visual Studio 2012
Project("{FAE04EC0-301F-11D3-BF4B-00C04F79EFBC}") = "Godot", "Godot.csproj", "{8C96F0DA-0123-42D0-AB78-864910F12246}"
EndProject
Global
	GlobalSection(SolutionConfigurationPlatforms) = preSolution
	Debug|Any CPU = Debug|Any CPU
	ExportDebug|Any CPU = ExportDebug|Any CPU
	ExportRelease|Any CPU = ExportRelease|Any CPU
	EndGlobalSection
	GlobalSection(ProjectConfigurationPlatforms) = postSolution
		{8C96F0DA-0123-42D0-AB78-864910F12246}.Debug|Any CPU.ActiveCfg = Debug|Any CPU
		{8C96F0DA-0123-42D0-AB78-864910F12246}.Debug|Any CPU.Build.0 = Debug|Any CPU
		{8C96F0DA-0123-42D0-AB78-864910F12246}.ExportDebug|Any CPU.ActiveCfg = ExportDebug|Any CPU
		{8C96F0DA-0123-42D0-AB78-864910F12246}.ExportDebug|Any CPU.Build.0 = ExportDebug|Any CPU
		{8C96F0DA-0123-42D0-AB78-864910F12246}.ExportRelease|Any CPU.ActiveCfg = ExportRelease|Any CPU
		{8C96F0DA-0123-42D0-AB78-864910F12246}.ExportRelease|Any CPU.Build.0 = ExportRelease|Any CPU
	EndGlobalSection
EndGlobal
